// !$*UTF8*$!
{
	archiveVersion = 1;
	classes = {
	};
	objectVersion = 55;
	objects = {

/* Begin PBXBuildFile section */
		85761255290C04A90005AC33 /* CoindeskResponseDTO.swift in Sources */ = {isa = PBXBuildFile; fileRef = 85761254290C04A90005AC33 /* CoindeskResponseDTO.swift */; };
		85761257290C04C50005AC33 /* CoindeskApiClient.swift in Sources */ = {isa = PBXBuildFile; fileRef = 85761256290C04C50005AC33 /* CoindeskApiClient.swift */; };
		8598357629088EA200EDE361 /* AppDelegate.swift in Sources */ = {isa = PBXBuildFile; fileRef = 8598357529088EA200EDE361 /* AppDelegate.swift */; };
		85D0BA0F29082A2200D7309E /* SceneDelegate.swift in Sources */ = {isa = PBXBuildFile; fileRef = 85D0BA0E29082A2200D7309E /* SceneDelegate.swift */; };
		85D0BA1129082A2200D7309E /* CurrenciesViewController.swift in Sources */ = {isa = PBXBuildFile; fileRef = 85D0BA1029082A2200D7309E /* CurrenciesViewController.swift */; };
		85D0BA1629082A2300D7309E /* Assets.xcassets in Resources */ = {isa = PBXBuildFile; fileRef = 85D0BA1529082A2300D7309E /* Assets.xcassets */; };
		85D0BA1929082A2300D7309E /* LaunchScreen.storyboard in Resources */ = {isa = PBXBuildFile; fileRef = 85D0BA1729082A2300D7309E /* LaunchScreen.storyboard */; };
/* End PBXBuildFile section */

/* Begin PBXFileReference section */
		85761254290C04A90005AC33 /* CoindeskResponseDTO.swift */ = {isa = PBXFileReference; lastKnownFileType = sourcecode.swift; path = CoindeskResponseDTO.swift; sourceTree = "<group>"; };
		85761256290C04C50005AC33 /* CoindeskApiClient.swift */ = {isa = PBXFileReference; lastKnownFileType = sourcecode.swift; path = CoindeskApiClient.swift; sourceTree = "<group>"; };
		8598357529088EA200EDE361 /* AppDelegate.swift */ = {isa = PBXFileReference; fileEncoding = 4; lastKnownFileType = sourcecode.swift; path = AppDelegate.swift; sourceTree = "<group>"; };
		85D0BA0929082A2200D7309E /* CurrenciesApp.app */ = {isa = PBXFileReference; explicitFileType = wrapper.application; includeInIndex = 0; path = CurrenciesApp.app; sourceTree = BUILT_PRODUCTS_DIR; };
		85D0BA0E29082A2200D7309E /* SceneDelegate.swift */ = {isa = PBXFileReference; lastKnownFileType = sourcecode.swift; path = SceneDelegate.swift; sourceTree = "<group>"; };
		85D0BA1029082A2200D7309E /* CurrenciesViewController.swift */ = {isa = PBXFileReference; lastKnownFileType = sourcecode.swift; path = CurrenciesViewController.swift; sourceTree = "<group>"; };
		85D0BA1529082A2300D7309E /* Assets.xcassets */ = {isa = PBXFileReference; lastKnownFileType = folder.assetcatalog; path = Assets.xcassets; sourceTree = "<group>"; };
		85D0BA1829082A2300D7309E /* Base */ = {isa = PBXFileReference; lastKnownFileType = file.storyboard; name = Base; path = Base.lproj/LaunchScreen.storyboard; sourceTree = "<group>"; };
		85D0BA1A29082A2300D7309E /* Info.plist */ = {isa = PBXFileReference; lastKnownFileType = text.plist.xml; path = Info.plist; sourceTree = "<group>"; };
/* End PBXFileReference section */

/* Begin PBXFrameworksBuildPhase section */
		85D0BA0629082A2200D7309E /* Frameworks */ = {
			isa = PBXFrameworksBuildPhase;
			buildActionMask = 2147483647;
			files = (
			);
			runOnlyForDeploymentPostprocessing = 0;
		};
/* End PBXFrameworksBuildPhase section */

/* Begin PBXGroup section */
		85761253290C04990005AC33 /* Coindesk */ = {
			isa = PBXGroup;
			children = (
				85761254290C04A90005AC33 /* CoindeskResponseDTO.swift */,
				85761256290C04C50005AC33 /* CoindeskApiClient.swift */,
			);
			path = Coindesk;
			sourceTree = "<group>";
		};
		85D0BA0029082A2200D7309E = {
			isa = PBXGroup;
			children = (
				85D0BA0B29082A2200D7309E /* CurrenciesApp */,
				85D0BA0A29082A2200D7309E /* Products */,
			);
			sourceTree = "<group>";
		};
		85D0BA0A29082A2200D7309E /* Products */ = {
			isa = PBXGroup;
			children = (
				85D0BA0929082A2200D7309E /* CurrenciesApp.app */,
			);
			name = Products;
			sourceTree = "<group>";
		};
		85D0BA0B29082A2200D7309E /* CurrenciesApp */ = {
			isa = PBXGroup;
			children = (
				85D0BA1029082A2200D7309E /* CurrenciesViewController.swift */,
				85761253290C04990005AC33 /* Coindesk */,
				85D0BA0E29082A2200D7309E /* SceneDelegate.swift */,
				8598357529088EA200EDE361 /* AppDelegate.swift */,
				85D0BA1529082A2300D7309E /* Assets.xcassets */,
				85D0BA1729082A2300D7309E /* LaunchScreen.storyboard */,
				85D0BA1A29082A2300D7309E /* Info.plist */,
			);
			path = CurrenciesApp;
			sourceTree = "<group>";
		};
/* End PBXGroup section */

/* Begin PBXNativeTarget section */
		85D0BA0829082A2200D7309E /* CurrenciesApp */ = {
			isa = PBXNativeTarget;
			buildConfigurationList = 85D0BA1D29082A2300D7309E /* Build configuration list for PBXNativeTarget "CurrenciesApp" */;
			buildPhases = (
				85D0BA0529082A2200D7309E /* Sources */,
				85D0BA0629082A2200D7309E /* Frameworks */,
				85D0BA0729082A2200D7309E /* Resources */,
			);
			buildRules = (
			);
			dependencies = (
			);
			name = CurrenciesApp;
			productName = sampleApp;
			productReference = 85D0BA0929082A2200D7309E /* CurrenciesApp.app */;
			productType = "com.apple.product-type.application";
		};
/* End PBXNativeTarget section */

/* Begin PBXProject section */
		85D0BA0129082A2200D7309E /* Project object */ = {
			isa = PBXProject;
			attributes = {
				BuildIndependentTargetsInParallel = 1;
				LastSwiftUpdateCheck = 1330;
				LastUpgradeCheck = 1330;
				TargetAttributes = {
					85D0BA0829082A2200D7309E = {
						CreatedOnToolsVersion = 13.3;
					};
				};
			};
			buildConfigurationList = 85D0BA0429082A2200D7309E /* Build configuration list for PBXProject "CurrenciesApp" */;
			compatibilityVersion = "Xcode 13.0";
			developmentRegion = en;
			hasScannedForEncodings = 0;
			knownRegions = (
				en,
				Base,
			);
			mainGroup = 85D0BA0029082A2200D7309E;
			productRefGroup = 85D0BA0A29082A2200D7309E /* Products */;
			projectDirPath = "";
			projectRoot = "";
			targets = (
				85D0BA0829082A2200D7309E /* CurrenciesApp */,
			);
		};
/* End PBXProject section */

/* Begin PBXResourcesBuildPhase section */
		85D0BA0729082A2200D7309E /* Resources */ = {
			isa = PBXResourcesBuildPhase;
			buildActionMask = 2147483647;
			files = (
				85D0BA1929082A2300D7309E /* LaunchScreen.storyboard in Resources */,
				85D0BA1629082A2300D7309E /* Assets.xcassets in Resources */,
			);
			runOnlyForDeploymentPostprocessing = 0;
		};
/* End PBXResourcesBuildPhase section */

/* Begin PBXSourcesBuildPhase section */
		85D0BA0529082A2200D7309E /* Sources */ = {
			isa = PBXSourcesBuildPhase;
			buildActionMask = 2147483647;
			files = (
				85D0BA1129082A2200D7309E /* CurrenciesViewController.swift in Sources */,
				85D0BA0F29082A2200D7309E /* SceneDelegate.swift in Sources */,
				85761255290C04A90005AC33 /* CoindeskResponseDTO.swift in Sources */,
				85761257290C04C50005AC33 /* CoindeskApiClient.swift in Sources */,
				8598357629088EA200EDE361 /* AppDelegate.swift in Sources */,
			);
			runOnlyForDeploymentPostprocessing = 0;
		};
/* End PBXSourcesBuildPhase section */

/* Begin PBXVariantGroup section */
		85D0BA1729082A2300D7309E /* LaunchScreen.storyboard */ = {
			isa = PBXVariantGroup;
			children = (
				85D0BA1829082A2300D7309E /* Base */,
			);
			name = LaunchScreen.storyboard;
			sourceTree = "<group>";
		};
/* End PBXVariantGroup section */

/* Begin XCBuildConfiguration section */
		85D0BA1B29082A2300D7309E /* Debug */ = {
			isa = XCBuildConfiguration;
			buildSettings = {
				ALWAYS_SEARCH_USER_PATHS = NO;
				CLANG_ANALYZER_NONNULL = YES;
				CLANG_ANALYZER_NUMBER_OBJECT_CONVERSION = YES_AGGRESSIVE;
				CLANG_CXX_LANGUAGE_STANDARD = "gnu++17";
				CLANG_ENABLE_MODULES = YES;
				CLANG_ENABLE_OBJC_ARC = YES;
				CLANG_ENABLE_OBJC_WEAK = YES;
				CLANG_WARN_BLOCK_CAPTURE_AUTORELEASING = YES;
				CLANG_WARN_BOOL_CONVERSION = YES;
				CLANG_WARN_COMMA = YES;
				CLANG_WARN_CONSTANT_CONVERSION = YES;
				CLANG_WARN_DEPRECATED_OBJC_IMPLEMENTATIONS = YES;
				CLANG_WARN_DIRECT_OBJC_ISA_USAGE = YES_ERROR;
				CLANG_WARN_DOCUMENTATION_COMMENTS = YES;
				CLANG_WARN_EMPTY_BODY = YES;
				CLANG_WARN_ENUM_CONVERSION = YES;
				CLANG_WARN_INFINITE_RECURSION = YES;
				CLANG_WARN_INT_CONVERSION = YES;
				CLANG_WARN_NON_LITERAL_NULL_CONVERSION = YES;
				CLANG_WARN_OBJC_IMPLICIT_RETAIN_SELF = YES;
				CLANG_WARN_OBJC_LITERAL_CONVERSION = YES;
				CLANG_WARN_OBJC_ROOT_CLASS = YES_ERROR;
				CLANG_WARN_QUOTED_INCLUDE_IN_FRAMEWORK_HEADER = YES;
				CLANG_WARN_RANGE_LOOP_ANALYSIS = YES;
				CLANG_WARN_STRICT_PROTOTYPES = YES;
				CLANG_WARN_SUSPICIOUS_MOVE = YES;
				CLANG_WARN_UNGUARDED_AVAILABILITY = YES_AGGRESSIVE;
				CLANG_WARN_UNREACHABLE_CODE = YES;
				CLANG_WARN__DUPLICATE_METHOD_MATCH = YES;
				COPY_PHASE_STRIP = NO;
				DEBUG_INFORMATION_FORMAT = dwarf;
				ENABLE_STRICT_OBJC_MSGSEND = YES;
				ENABLE_TESTABILITY = YES;
				GCC_C_LANGUAGE_STANDARD = gnu11;
				GCC_DYNAMIC_NO_PIC = NO;
				GCC_NO_COMMON_BLOCKS = YES;
				GCC_OPTIMIZATION_LEVEL = 0;
				GCC_PREPROCESSOR_DEFINITIONS = (
					"DEBUG=1",
					"$(inherited)",
				);
				GCC_WARN_64_TO_32_BIT_CONVERSION = YES;
				GCC_WARN_ABOUT_RETURN_TYPE = YES_ERROR;
				GCC_WARN_UNDECLARED_SELECTOR = YES;
				GCC_WARN_UNINITIALIZED_AUTOS = YES_AGGRESSIVE;
				GCC_WARN_UNUSED_FUNCTION = YES;
				GCC_WARN_UNUSED_VARIABLE = YES;
				IPHONEOS_DEPLOYMENT_TARGET = 15.4;
				MTL_ENABLE_DEBUG_INFO = INCLUDE_SOURCE;
				MTL_FAST_MATH = YES;
				ONLY_ACTIVE_ARCH = YES;
				SDKROOT = iphoneos;
				SWIFT_ACTIVE_COMPILATION_CONDITIONS = DEBUG;
				SWIFT_OPTIMIZATION_LEVEL = "-Onone";
			};
			name = Debug;
		};
		85D0BA1C29082A2300D7309E /* Release */ = {
			isa = XCBuildConfiguration;
			buildSettings = {
				ALWAYS_SEARCH_USER_PATHS = NO;
				CLANG_ANALYZER_NONNULL = YES;
				CLANG_ANALYZER_NUMBER_OBJECT_CONVERSION = YES_AGGRESSIVE;
				CLANG_CXX_LANGUAGE_STANDARD = "gnu++17";
				CLANG_ENABLE_MODULES = YES;
				CLANG_ENABLE_OBJC_ARC = YES;
				CLANG_ENABLE_OBJC_WEAK = YES;
				CLANG_WARN_BLOCK_CAPTURE_AUTORELEASING = YES;
				CLANG_WARN_BOOL_CONVERSION = YES;
				CLANG_WARN_COMMA = YES;
				CLANG_WARN_CONSTANT_CONVERSION = YES;
				CLANG_WARN_DEPRECATED_OBJC_IMPLEMENTATIONS = YES;
				CLANG_WARN_DIRECT_OBJC_ISA_USAGE = YES_ERROR;
				CLANG_WARN_DOCUMENTATION_COMMENTS = YES;
				CLANG_WARN_EMPTY_BODY = YES;
				CLANG_WARN_ENUM_CONVERSION = YES;
				CLANG_WARN_INFINITE_RECURSION = YES;
				CLANG_WARN_INT_CONVERSION = YES;
				CLANG_WARN_NON_LITERAL_NULL_CONVERSION = YES;
				CLANG_WARN_OBJC_IMPLICIT_RETAIN_SELF = YES;
				CLANG_WARN_OBJC_LITERAL_CONVERSION = YES;
				CLANG_WARN_OBJC_ROOT_CLASS = YES_ERROR;
				CLANG_WARN_QUOTED_INCLUDE_IN_FRAMEWORK_HEADER = YES;
				CLANG_WARN_RANGE_LOOP_ANALYSIS = YES;
				CLANG_WARN_STRICT_PROTOTYPES = YES;
				CLANG_WARN_SUSPICIOUS_MOVE = YES;
				CLANG_WARN_UNGUARDED_AVAILABILITY = YES_AGGRESSIVE;
				CLANG_WARN_UNREACHABLE_CODE = YES;
				CLANG_WARN__DUPLICATE_METHOD_MATCH = YES;
				COPY_PHASE_STRIP = NO;
				DEBUG_INFORMATION_FORMAT = "dwarf-with-dsym";
				ENABLE_NS_ASSERTIONS = NO;
				ENABLE_STRICT_OBJC_MSGSEND = YES;
				GCC_C_LANGUAGE_STANDARD = gnu11;
				GCC_NO_COMMON_BLOCKS = YES;
				GCC_WARN_64_TO_32_BIT_CONVERSION = YES;
				GCC_WARN_ABOUT_RETURN_TYPE = YES_ERROR;
				GCC_WARN_UNDECLARED_SELECTOR = YES;
				GCC_WARN_UNINITIALIZED_AUTOS = YES_AGGRESSIVE;
				GCC_WARN_UNUSED_FUNCTION = YES;
				GCC_WARN_UNUSED_VARIABLE = YES;
				IPHONEOS_DEPLOYMENT_TARGET = 15.4;
				MTL_ENABLE_DEBUG_INFO = NO;
				MTL_FAST_MATH = YES;
				SDKROOT = iphoneos;
				SWIFT_COMPILATION_MODE = wholemodule;
				SWIFT_OPTIMIZATION_LEVEL = "-O";
				VALIDATE_PRODUCT = YES;
			};
			name = Release;
		};
		85D0BA1E29082A2300D7309E /* Debug */ = {
			isa = XCBuildConfiguration;
			buildSettings = {
				ASSETCATALOG_COMPILER_APPICON_NAME = AppIcon;
				ASSETCATALOG_COMPILER_GLOBAL_ACCENT_COLOR_NAME = AccentColor;
				CODE_SIGN_STYLE = Automatic;
				CURRENT_PROJECT_VERSION = 1;
				DEVELOPMENT_TEAM = DYK4W76333;
				GENERATE_INFOPLIST_FILE = YES;
				INFOPLIST_FILE = CurrenciesApp/Info.plist;
				INFOPLIST_KEY_UIApplicationSupportsIndirectInputEvents = YES;
				INFOPLIST_KEY_UILaunchStoryboardName = LaunchScreen;
				INFOPLIST_KEY_UISupportedInterfaceOrientations_iPad = "UIInterfaceOrientationPortrait UIInterfaceOrientationPortraitUpsideDown UIInterfaceOrientationLandscapeLeft UIInterfaceOrientationLandscapeRight";
				INFOPLIST_KEY_UISupportedInterfaceOrientations_iPhone = "UIInterfaceOrientationPortrait UIInterfaceOrientationLandscapeLeft UIInterfaceOrientationLandscapeRight";
				LD_RUNPATH_SEARCH_PATHS = (
					"$(inherited)",
					"@executable_path/Frameworks",
				);
				MARKETING_VERSION = 1.0;
				PRODUCT_BUNDLE_IDENTIFIER = com.fernandopena.currenciesApp;
				PRODUCT_NAME = "$(TARGET_NAME)";
				SWIFT_EMIT_LOC_STRINGS = YES;
				SWIFT_VERSION = 5.0;
				TARGETED_DEVICE_FAMILY = "1,2";
			};
			name = Debug;
		};
		85D0BA1F29082A2300D7309E /* Release */ = {
			isa = XCBuildConfiguration;
			buildSettings = {
				ASSETCATALOG_COMPILER_APPICON_NAME = AppIcon;
				ASSETCATALOG_COMPILER_GLOBAL_ACCENT_COLOR_NAME = AccentColor;
				CODE_SIGN_STYLE = Automatic;
				CURRENT_PROJECT_VERSION = 1;
				DEVELOPMENT_TEAM = DYK4W76333;
				GENERATE_INFOPLIST_FILE = YES;
				INFOPLIST_FILE = CurrenciesApp/Info.plist;
				INFOPLIST_KEY_UIApplicationSupportsIndirectInputEvents = YES;
				INFOPLIST_KEY_UILaunchStoryboardName = LaunchScreen;
				INFOPLIST_KEY_UISupportedInterfaceOrientations_iPad = "UIInterfaceOrientationPortrait UIInterfaceOrientationPortraitUpsideDown UIInterfaceOrientationLandscapeLeft UIInterfaceOrientationLandscapeRight";
				INFOPLIST_KEY_UISupportedInterfaceOrientations_iPhone = "UIInterfaceOrientationPortrait UIInterfaceOrientationLandscapeLeft UIInterfaceOrientationLandscapeRight";
				LD_RUNPATH_SEARCH_PATHS = (
					"$(inherited)",
					"@executable_path/Frameworks",
				);
				MARKETING_VERSION = 1.0;
				PRODUCT_BUNDLE_IDENTIFIER = com.fernandopena.currenciesApp;
				PRODUCT_NAME = "$(TARGET_NAME)";
				SWIFT_EMIT_LOC_STRINGS = YES;
				SWIFT_VERSION = 5.0;
				TARGETED_DEVICE_FAMILY = "1,2";
			};
			name = Release;
		};
/* End XCBuildConfiguration section */

/* Begin XCConfigurationList section */
		85D0BA0429082A2200D7309E /* Build configuration list for PBXProject "CurrenciesApp" */ = {
			isa = XCConfigurationList;
			buildConfigurations = (
				85D0BA1B29082A2300D7309E /* Debug */,
				85D0BA1C29082A2300D7309E /* Release */,
			);
			defaultConfigurationIsVisible = 0;
			defaultConfigurationName = Release;
		};
		85D0BA1D29082A2300D7309E /* Build configuration list for PBXNativeTarget "CurrenciesApp" */ = {
			isa = XCConfigurationList;
			buildConfigurations = (
				85D0BA1E29082A2300D7309E /* Debug */,
				85D0BA1F29082A2300D7309E /* Release */,
			);
			defaultConfigurationIsVisible = 0;
			defaultConfigurationName = Release;
		};
/* End XCConfigurationList section */
	};
	rootObject = 85D0BA0129082A2200D7309E /* Project object */;
}
